
Microsoft Visual Studio Solution File, Format Version 12.00
# Visual Studio 15
VisualStudioVersion = 15.0.27703.2026
MinimumVisualStudioVersion = 10.0.40219.1
Project("{2150E333-8FDC-42A3-9474-1A3956D46DE8}") = "Targets", "Targets", "{352A129B-F91C-49C1-8BE2-463A873B6414}"
EndProject
Project("{2150E333-8FDC-42A3-9474-1A3956D46DE8}") = "Themes", "Themes", "{537CB33C-7633-4B09-9271-45555B6F8A16}"
EndProject
Project("{9A19103F-16F7-4668-BE54-9A1E7A4F7556}") = "EternityCore.Cms.Web", "EternityCore.Cms.Web\EternityCore.Cms.Web.csproj", "{BB5B1FB9-1B36-445F-A009-32833AFD362D}"
EndProject
Project("{2150E333-8FDC-42A3-9474-1A3956D46DE8}") = "Modules", "Modules", "{9D89446F-C1FD-448D-A9E1-0BAB10A44911}"
EndProject
Project("{9A19103F-16F7-4668-BE54-9A1E7A4F7556}") = "FairyPay", "Modules\FairyPay\FairyPay.csproj", "{F9117B65-C20C-4368-8E6F-393BBC0FFF0C}"
EndProject
Project("{9A19103F-16F7-4668-BE54-9A1E7A4F7556}") = "PaymentTheme", "Themes\PaymentTheme\PaymentTheme.csproj", "{3AADBFAD-97E1-4365-A3BD-CD4295BC272A}"
EndProject
Project("{9A19103F-16F7-4668-BE54-9A1E7A4F7556}") = "EternityCore.Application.Cms.Targets", "EternityCore.Application.Cms.Targets\EternityCore.Application.Cms.Targets.csproj", "{7CD56E27-65B9-4067-860E-6599226BF166}"
EndProject
Project("{2150E333-8FDC-42A3-9474-1A3956D46DE8}") = "爱支付", "爱支付", "{0222F089-A919-445E-9260-B4AC065EFD2A}"
EndProject
Project("{9A19103F-16F7-4668-BE54-9A1E7A4F7556}") = "OrchardCore.Mvc.DeviceDetector", "Modules\OrchardCore.Mvc.DeviceDetector\OrchardCore.Mvc.DeviceDetector.csproj", "{82F64E1B-A5F8-4CFA-B2DD-A7FE81CA77D4}"
EndProject
Project("{9A19103F-16F7-4668-BE54-9A1E7A4F7556}") = "OrchardCore.Extensions", "Modules\OrchardCore.Extensions\OrchardCore.Extensions.csproj", "{ECA424A6-2674-43BD-90A1-7428944E5D05}"
EndProject
Project("{9A19103F-16F7-4668-BE54-9A1E7A4F7556}") = "OrchardCore.Data.EntityFrameworkCore", "Modules\OrchardCore.Data.EntityFrameworkCore\OrchardCore.Data.EntityFrameworkCore.csproj", "{E2D05ED7-85D7-40FC-99C5-240F4BE4FE4F}"
EndProject
Project("{9A19103F-16F7-4668-BE54-9A1E7A4F7556}") = "OrchardCore.Data.EntityFrameworkCore.Abstracts", "Modules\OrchardCore.Data.EntityFrameworkCore.Abstracts\OrchardCore.Data.EntityFrameworkCore.Abstracts.csproj", "{04F922FD-239F-4917-8BF2-6DB972CC7E8F}"
EndProject
Project("{9A19103F-16F7-4668-BE54-9A1E7A4F7556}") = "FairyPay.PaymentProviders", "Modules\FairyPay.PaymentProviders\FairyPay.PaymentProviders.csproj", "{71D9438E-BCFD-4F2E-9C25-18CFD5A9A508}"
EndProject
Project("{9A19103F-16F7-4668-BE54-9A1E7A4F7556}") = "FairyPay.PaymentProviders.Abstracts", "Modules\FairyPay.PaymentProviders.Abstracts\FairyPay.PaymentProviders.Abstracts.csproj", "{305B93F4-0330-4CE7-BB33-7476869A6BE3}"
EndProject
Project("{9A19103F-16F7-4668-BE54-9A1E7A4F7556}") = "FairyPay.Gateway", "Modules\FairyPay.Gateway\FairyPay.Gateway.csproj", "{120096B3-6436-4BD1-BD06-B3DB8F773176}"
EndProject
Project("{9A19103F-16F7-4668-BE54-9A1E7A4F7556}") = "Eternity.DependencyInjection.Extensions", "Extensions\Eternity.DependencyInjection.Extensions\Eternity.DependencyInjection.Extensions.csproj", "{59522E79-ABED-49A0-85CD-1774DF4CF9BF}"
EndProject
Project("{2150E333-8FDC-42A3-9474-1A3956D46DE8}") = "Extensions", "Extensions", "{E91FE4BB-6D40-4B40-A3B1-260B19018573}"
EndProject
Project("{2150E333-8FDC-42A3-9474-1A3956D46DE8}") = "Doc", "Doc", "{D9DE21D9-796C-45C4-8438-BA0B5C45EC92}"
	ProjectSection(SolutionItems) = preProject
		git.txt = git.txt
	EndProjectSection
EndProject
Global
	GlobalSection(SolutionConfigurationPlatforms) = preSolution
		Debug|Any CPU = Debug|Any CPU
		Release|Any CPU = Release|Any CPU
	EndGlobalSection
	GlobalSection(ProjectConfigurationPlatforms) = postSolution
		{BB5B1FB9-1B36-445F-A009-32833AFD362D}.Debug|Any CPU.ActiveCfg = Debug|Any CPU
		{BB5B1FB9-1B36-445F-A009-32833AFD362D}.Debug|Any CPU.Build.0 = Debug|Any CPU
		{BB5B1FB9-1B36-445F-A009-32833AFD362D}.Release|Any CPU.ActiveCfg = Release|Any CPU
		{BB5B1FB9-1B36-445F-A009-32833AFD362D}.Release|Any CPU.Build.0 = Release|Any CPU
		{F9117B65-C20C-4368-8E6F-393BBC0FFF0C}.Debug|Any CPU.ActiveCfg = Debug|Any CPU
		{F9117B65-C20C-4368-8E6F-393BBC0FFF0C}.Debug|Any CPU.Build.0 = Debug|Any CPU
		{F9117B65-C20C-4368-8E6F-393BBC0FFF0C}.Release|Any CPU.ActiveCfg = Release|Any CPU
		{F9117B65-C20C-4368-8E6F-393BBC0FFF0C}.Release|Any CPU.Build.0 = Release|Any CPU
		{3AADBFAD-97E1-4365-A3BD-CD4295BC272A}.Debug|Any CPU.ActiveCfg = Debug|Any CPU
		{3AADBFAD-97E1-4365-A3BD-CD4295BC272A}.Debug|Any CPU.Build.0 = Debug|Any CPU
		{3AADBFAD-97E1-4365-A3BD-CD4295BC272A}.Release|Any CPU.ActiveCfg = Release|Any CPU
		{3AADBFAD-97E1-4365-A3BD-CD4295BC272A}.Release|Any CPU.Build.0 = Release|Any CPU
		{7CD56E27-65B9-4067-860E-6599226BF166}.Debug|Any CPU.ActiveCfg = Debug|Any CPU
		{7CD56E27-65B9-4067-860E-6599226BF166}.Debug|Any CPU.Build.0 = Debug|Any CPU
		{7CD56E27-65B9-4067-860E-6599226BF166}.Release|Any CPU.ActiveCfg = Release|Any CPU
		{7CD56E27-65B9-4067-860E-6599226BF166}.Release|Any CPU.Build.0 = Release|Any CPU
		{82F64E1B-A5F8-4CFA-B2DD-A7FE81CA77D4}.Debug|Any CPU.ActiveCfg = Debug|Any CPU
		{82F64E1B-A5F8-4CFA-B2DD-A7FE81CA77D4}.Debug|Any CPU.Build.0 = Debug|Any CPU
		{82F64E1B-A5F8-4CFA-B2DD-A7FE81CA77D4}.Release|Any CPU.ActiveCfg = Release|Any CPU
		{82F64E1B-A5F8-4CFA-B2DD-A7FE81CA77D4}.Release|Any CPU.Build.0 = Release|Any CPU
		{ECA424A6-2674-43BD-90A1-7428944E5D05}.Debug|Any CPU.ActiveCfg = Debug|Any CPU
		{ECA424A6-2674-43BD-90A1-7428944E5D05}.Debug|Any CPU.Build.0 = Debug|Any CPU
		{ECA424A6-2674-43BD-90A1-7428944E5D05}.Release|Any CPU.ActiveCfg = Release|Any CPU
		{ECA424A6-2674-43BD-90A1-7428944E5D05}.Release|Any CPU.Build.0 = Release|Any CPU
		{E2D05ED7-85D7-40FC-99C5-240F4BE4FE4F}.Debug|Any CPU.ActiveCfg = Debug|Any CPU
		{E2D05ED7-85D7-40FC-99C5-240F4BE4FE4F}.Debug|Any CPU.Build.0 = Debug|Any CPU
		{E2D05ED7-85D7-40FC-99C5-240F4BE4FE4F}.Release|Any CPU.ActiveCfg = Release|Any CPU
		{E2D05ED7-85D7-40FC-99C5-240F4BE4FE4F}.Release|Any CPU.Build.0 = Release|Any CPU
		{04F922FD-239F-4917-8BF2-6DB972CC7E8F}.Debug|Any CPU.ActiveCfg = Debug|Any CPU
		{04F922FD-239F-4917-8BF2-6DB972CC7E8F}.Debug|Any CPU.Build.0 = Debug|Any CPU
		{04F922FD-239F-4917-8BF2-6DB972CC7E8F}.Release|Any CPU.ActiveCfg = Release|Any CPU
		{04F922FD-239F-4917-8BF2-6DB972CC7E8F}.Release|Any CPU.Build.0 = Release|Any CPU
		{71D9438E-BCFD-4F2E-9C25-18CFD5A9A508}.Debug|Any CPU.ActiveCfg = Debug|Any CPU
		{71D9438E-BCFD-4F2E-9C25-18CFD5A9A508}.Debug|Any CPU.Build.0 = Debug|Any CPU
		{71D9438E-BCFD-4F2E-9C25-18CFD5A9A508}.Release|Any CPU.ActiveCfg = Release|Any CPU
		{71D9438E-BCFD-4F2E-9C25-18CFD5A9A508}.Release|Any CPU.Build.0 = Release|Any CPU
		{305B93F4-0330-4CE7-BB33-7476869A6BE3}.Debug|Any CPU.ActiveCfg = Debug|Any CPU
		{305B93F4-0330-4CE7-BB33-7476869A6BE3}.Debug|Any CPU.Build.0 = Debug|Any CPU
		{305B93F4-0330-4CE7-BB33-7476869A6BE3}.Release|Any CPU.ActiveCfg = Release|Any CPU
		{305B93F4-0330-4CE7-BB33-7476869A6BE3}.Release|Any CPU.Build.0 = Release|Any CPU
		{120096B3-6436-4BD1-BD06-B3DB8F773176}.Debug|Any CPU.ActiveCfg = Debug|Any CPU
		{120096B3-6436-4BD1-BD06-B3DB8F773176}.Debug|Any CPU.Build.0 = Debug|Any CPU
		{120096B3-6436-4BD1-BD06-B3DB8F773176}.Release|Any CPU.ActiveCfg = Release|Any CPU
		{120096B3-6436-4BD1-BD06-B3DB8F773176}.Release|Any CPU.Build.0 = Release|Any CPU
		{59522E79-ABED-49A0-85CD-1774DF4CF9BF}.Debug|Any CPU.ActiveCfg = Debug|Any CPU
		{59522E79-ABED-49A0-85CD-1774DF4CF9BF}.Debug|Any CPU.Build.0 = Debug|Any CPU
		{59522E79-ABED-49A0-85CD-1774DF4CF9BF}.Release|Any CPU.ActiveCfg = Release|Any CPU
		{59522E79-ABED-49A0-85CD-1774DF4CF9BF}.Release|Any CPU.Build.0 = Release|Any CPU
	EndGlobalSection
	GlobalSection(SolutionProperties) = preSolution
		HideSolutionNode = FALSE
	EndGlobalSection
	GlobalSection(NestedProjects) = preSolution
		{F9117B65-C20C-4368-8E6F-393BBC0FFF0C} = {0222F089-A919-445E-9260-B4AC065EFD2A}
		{3AADBFAD-97E1-4365-A3BD-CD4295BC272A} = {537CB33C-7633-4B09-9271-45555B6F8A16}
		{7CD56E27-65B9-4067-860E-6599226BF166} = {352A129B-F91C-49C1-8BE2-463A873B6414}
		{0222F089-A919-445E-9260-B4AC065EFD2A} = {9D89446F-C1FD-448D-A9E1-0BAB10A44911}
		{82F64E1B-A5F8-4CFA-B2DD-A7FE81CA77D4} = {9D89446F-C1FD-448D-A9E1-0BAB10A44911}
		{ECA424A6-2674-43BD-90A1-7428944E5D05} = {9D89446F-C1FD-448D-A9E1-0BAB10A44911}
		{E2D05ED7-85D7-40FC-99C5-240F4BE4FE4F} = {9D89446F-C1FD-448D-A9E1-0BAB10A44911}
		{04F922FD-239F-4917-8BF2-6DB972CC7E8F} = {9D89446F-C1FD-448D-A9E1-0BAB10A44911}
		{71D9438E-BCFD-4F2E-9C25-18CFD5A9A508} = {0222F089-A919-445E-9260-B4AC065EFD2A}
		{305B93F4-0330-4CE7-BB33-7476869A6BE3} = {0222F089-A919-445E-9260-B4AC065EFD2A}
		{120096B3-6436-4BD1-BD06-B3DB8F773176} = {0222F089-A919-445E-9260-B4AC065EFD2A}
		{59522E79-ABED-49A0-85CD-1774DF4CF9BF} = {E91FE4BB-6D40-4B40-A3B1-260B19018573}
	EndGlobalSection
	GlobalSection(ExtensibilityGlobals) = postSolution
		SolutionGuid = {CF988477-FC62-46C8-9C32-039F01E58412}
	EndGlobalSection
EndGlobal
